
Microsoft Visual Studio Solution File, Format Version 12.00
# Visual Studio 15
VisualStudioVersion = 15.0.28307.168
MinimumVisualStudioVersion = 10.0.40219.1
Project("{FAE04EC0-301F-11D3-BF4B-00C04F79EFBC}") = "SE", "SE\SE.csproj", "{BED98C36-FB0A-455C-BC64-0B4EDFBE1C2D}"
EndProject
Global
	GlobalSection(SolutionConfigurationPlatforms) = preSolution
		Debug|Any CPU = Debug|Any CPU
		Release|Any CPU = Release|Any CPU
	EndGlobalSection
	GlobalSection(ProjectConfigurationPlatforms) = postSolution
		{BED98C36-FB0A-455C-BC64-0B4EDFBE1C2D}.Debug|Any CPU.ActiveCfg = Debug|Any CPU
		{BED98C36-FB0A-455C-BC64-0B4EDFBE1C2D}.Debug|Any CPU.Build.0 = Debug|Any CPU
		{BED98C36-FB0A-455C-BC64-0B4EDFBE1C2D}.Release|Any CPU.ActiveCfg = Release|Any CPU
		{BED98C36-FB0A-455C-BC64-0B4EDFBE1C2D}.Release|Any CPU.Build.0 = Release|Any CPU
	EndGlobalSection
	GlobalSection(SolutionProperties) = preSolution
		HideSolutionNode = FALSE
	EndGlobalSection
	GlobalSection(ExtensibilityGlobals) = postSolution
		SolutionGuid = {5395C0B5-C70B-40BC-838B-B413A14AA2BB}
	EndGlobalSection
EndGlobal
